
Microsoft Visual Studio Solution File, Format Version 12.00
# Visual Studio Version 17
VisualStudioVersion = 17.11.35327.3
MinimumVisualStudioVersion = 10.0.40219.1
Project("{FAE04EC0-301F-11D3-BF4B-00C04F79EFBC}") = "Fibonachi", "Fibonachi.csproj", "{BED7CDCA-B50E-4089-92DD-5F584963ACDB}"
EndProject
Global
	GlobalSection(SolutionConfigurationPlatforms) = preSolution
		Debug|Any CPU = Debug|Any CPU
		Release|Any CPU = Release|Any CPU
	EndGlobalSection
	GlobalSection(ProjectConfigurationPlatforms) = postSolution
		{BED7CDCA-B50E-4089-92DD-5F584963ACDB}.Debug|Any CPU.ActiveCfg = Debug|Any CPU
		{BED7CDCA-B50E-4089-92DD-5F584963ACDB}.Debug|Any CPU.Build.0 = Debug|Any CPU
		{BED7CDCA-B50E-4089-92DD-5F584963ACDB}.Release|Any CPU.ActiveCfg = Release|Any CPU
		{BED7CDCA-B50E-4089-92DD-5F584963ACDB}.Release|Any CPU.Build.0 = Release|Any CPU
	EndGlobalSection
	GlobalSection(SolutionProperties) = preSolution
		HideSolutionNode = FALSE
	EndGlobalSection
	GlobalSection(ExtensibilityGlobals) = postSolution
		SolutionGuid = {3FC9CA3C-20DD-440D-A5D5-AE5B282EFABD}
	EndGlobalSection
EndGlobal
